
Microsoft Visual Studio Solution File, Format Version 12.00
# Visual Studio Version 17
VisualStudioVersion = 17.2.32616.157
MinimumVisualStudioVersion = 10.0.40219.1
Project("{FAE04EC0-301F-11D3-BF4B-00C04F79EFBC}") = "DMCTimesheet", "DMCTimesheet.csproj", "{D8A4A441-064A-4F81-848C-9112C390AAF2}"
EndProject
Project("{FAE04EC0-301F-11D3-BF4B-00C04F79EFBC}") = "AlarmWatch", "..\AlarmWatch\AlarmWatch.csproj", "{39992C18-220E-4BF8-BD7A-8DDF8E5CE874}"
EndProject
Global
	GlobalSection(SolutionConfigurationPlatforms) = preSolution
		Debug|Any CPU = Debug|Any CPU
		Release|Any CPU = Release|Any CPU
	EndGlobalSection
	GlobalSection(ProjectConfigurationPlatforms) = postSolution
		{D8A4A441-064A-4F81-848C-9112C390AAF2}.Debug|Any CPU.ActiveCfg = Debug|Any CPU
		{D8A4A441-064A-4F81-848C-9112C390AAF2}.Debug|Any CPU.Build.0 = Debug|Any CPU
		{D8A4A441-064A-4F81-848C-9112C390AAF2}.Release|Any CPU.ActiveCfg = Release|Any CPU
		{D8A4A441-064A-4F81-848C-9112C390AAF2}.Release|Any CPU.Build.0 = Release|Any CPU
		{39992C18-220E-4BF8-BD7A-8DDF8E5CE874}.Debug|Any CPU.ActiveCfg = Debug|Any CPU
		{39992C18-220E-4BF8-BD7A-8DDF8E5CE874}.Debug|Any CPU.Build.0 = Debug|Any CPU
		{39992C18-220E-4BF8-BD7A-8DDF8E5CE874}.Release|Any CPU.ActiveCfg = Release|Any CPU
		{39992C18-220E-4BF8-BD7A-8DDF8E5CE874}.Release|Any CPU.Build.0 = Release|Any CPU
	EndGlobalSection
	GlobalSection(SolutionProperties) = preSolution
		HideSolutionNode = FALSE
	EndGlobalSection
	GlobalSection(ExtensibilityGlobals) = postSolution
		SolutionGuid = {ACAFCD3E-69E1-482C-BABE-5B56B08BF910}
	EndGlobalSection
EndGlobal
